
Microsoft Visual Studio Solution File, Format Version 12.00
# Visual Studio Version 17
VisualStudioVersion = 17.0.32014.148
MinimumVisualStudioVersion = 10.0.40219.1
Project("{9A19103F-16F7-4668-BE54-9A1E7A4F7556}") = "botMail", "botMail.csproj", "{D27DD2A5-7EA3-4A8E-A543-51674051B81E}"
EndProject
Global
	GlobalSection(SolutionConfigurationPlatforms) = preSolution
		Debug|Any CPU = Debug|Any CPU
		Release|Any CPU = Release|Any CPU
	EndGlobalSection
	GlobalSection(ProjectConfigurationPlatforms) = postSolution
		{D27DD2A5-7EA3-4A8E-A543-51674051B81E}.Debug|Any CPU.ActiveCfg = Debug|Any CPU
		{D27DD2A5-7EA3-4A8E-A543-51674051B81E}.Debug|Any CPU.Build.0 = Debug|Any CPU
		{D27DD2A5-7EA3-4A8E-A543-51674051B81E}.Release|Any CPU.ActiveCfg = Release|Any CPU
		{D27DD2A5-7EA3-4A8E-A543-51674051B81E}.Release|Any CPU.Build.0 = Release|Any CPU
	EndGlobalSection
	GlobalSection(SolutionProperties) = preSolution
		HideSolutionNode = FALSE
	EndGlobalSection
	GlobalSection(ExtensibilityGlobals) = postSolution
		SolutionGuid = {B231763C-DA64-460D-B75F-E83D6E2005F5}
	EndGlobalSection
EndGlobal
